
Microsoft Visual Studio Solution File, Format Version 12.00
# Visual Studio Version 17
VisualStudioVersion = 17.0.31903.59
MinimumVisualStudioVersion = 10.0.40219.1
Project("{2150E333-8FDC-42A3-9474-1A3956D46DE8}") = "src", "src", "{827E0CD3-B72D-47B6-A68D-7590B98EB39B}"
EndProject
Project("{FAE04EC0-301F-11D3-BF4B-00C04F79EFBC}") = "MTI.ProjectManagement.Domain", "src\MTI.ProjectManagement.Domain\MTI.ProjectManagement.Domain.csproj", "{674C3FA2-9A51-49FA-8CD1-76C794441C20}"
EndProject
Project("{FAE04EC0-301F-11D3-BF4B-00C04F79EFBC}") = "MTI.ProjectManagement.Application", "src\MTI.ProjectManagement.Application\MTI.ProjectManagement.Application.csproj", "{C787C974-644D-483B-AC08-12F8866178D6}"
EndProject
Project("{FAE04EC0-301F-11D3-BF4B-00C04F79EFBC}") = "MTI.ProjectManagement.Infrastructure", "src\MTI.ProjectManagement.Infrastructure\MTI.ProjectManagement.Infrastructure.csproj", "{49C2B0D0-2170-4E0E-82CB-C21B238FB67A}"
EndProject
Project("{FAE04EC0-301F-11D3-BF4B-00C04F79EFBC}") = "MTI.ProjectManagement.Api", "src\MTI.ProjectManagement.Api\MTI.ProjectManagement.Api.csproj", "{2199553B-DDF4-4D5E-AF15-FE82D8A4BA3E}"
EndProject
Project("{2150E333-8FDC-42A3-9474-1A3956D46DE8}") = "tests", "tests", "{0AB3BF05-4346-4AA6-1389-037BE0695223}"
EndProject
Project("{FAE04EC0-301F-11D3-BF4B-00C04F79EFBC}") = "MTI.ProjectManagement.UnitTests", "tests\MTI.ProjectManagement.UnitTests\MTI.ProjectManagement.UnitTests.csproj", "{BB6DD7F4-493C-4E7F-B9D6-ADB0BDE858D5}"
EndProject
Global
	GlobalSection(SolutionConfigurationPlatforms) = preSolution
		Debug|Any CPU = Debug|Any CPU
		Debug|x64 = Debug|x64
		Debug|x86 = Debug|x86
		Release|Any CPU = Release|Any CPU
		Release|x64 = Release|x64
		Release|x86 = Release|x86
	EndGlobalSection
	GlobalSection(ProjectConfigurationPlatforms) = postSolution
		{674C3FA2-9A51-49FA-8CD1-76C794441C20}.Debug|Any CPU.ActiveCfg = Debug|Any CPU
		{674C3FA2-9A51-49FA-8CD1-76C794441C20}.Debug|Any CPU.Build.0 = Debug|Any CPU
		{674C3FA2-9A51-49FA-8CD1-76C794441C20}.Debug|x64.ActiveCfg = Debug|Any CPU
		{674C3FA2-9A51-49FA-8CD1-76C794441C20}.Debug|x64.Build.0 = Debug|Any CPU
		{674C3FA2-9A51-49FA-8CD1-76C794441C20}.Debug|x86.ActiveCfg = Debug|Any CPU
		{674C3FA2-9A51-49FA-8CD1-76C794441C20}.Debug|x86.Build.0 = Debug|Any CPU
		{674C3FA2-9A51-49FA-8CD1-76C794441C20}.Release|Any CPU.ActiveCfg = Release|Any CPU
		{674C3FA2-9A51-49FA-8CD1-76C794441C20}.Release|Any CPU.Build.0 = Release|Any CPU
		{674C3FA2-9A51-49FA-8CD1-76C794441C20}.Release|x64.ActiveCfg = Release|Any CPU
		{674C3FA2-9A51-49FA-8CD1-76C794441C20}.Release|x64.Build.0 = Release|Any CPU
		{674C3FA2-9A51-49FA-8CD1-76C794441C20}.Release|x86.ActiveCfg = Release|Any CPU
		{674C3FA2-9A51-49FA-8CD1-76C794441C20}.Release|x86.Build.0 = Release|Any CPU
		{C787C974-644D-483B-AC08-12F8866178D6}.Debug|Any CPU.ActiveCfg = Debug|Any CPU
		{C787C974-644D-483B-AC08-12F8866178D6}.Debug|Any CPU.Build.0 = Debug|Any CPU
		{C787C974-644D-483B-AC08-12F8866178D6}.Debug|x64.ActiveCfg = Debug|Any CPU
		{C787C974-644D-483B-AC08-12F8866178D6}.Debug|x64.Build.0 = Debug|Any CPU
		{C787C974-644D-483B-AC08-12F8866178D6}.Debug|x86.ActiveCfg = Debug|Any CPU
		{C787C974-644D-483B-AC08-12F8866178D6}.Debug|x86.Build.0 = Debug|Any CPU
		{C787C974-644D-483B-AC08-12F8866178D6}.Release|Any CPU.ActiveCfg = Release|Any CPU
		{C787C974-644D-483B-AC08-12F8866178D6}.Release|Any CPU.Build.0 = Release|Any CPU
		{C787C974-644D-483B-AC08-12F8866178D6}.Release|x64.ActiveCfg = Release|Any CPU
		{C787C974-644D-483B-AC08-12F8866178D6}.Release|x64.Build.0 = Release|Any CPU
		{C787C974-644D-483B-AC08-12F8866178D6}.Release|x86.ActiveCfg = Release|Any CPU
		{C787C974-644D-483B-AC08-12F8866178D6}.Release|x86.Build.0 = Release|Any CPU
		{49C2B0D0-2170-4E0E-82CB-C21B238FB67A}.Debug|Any CPU.ActiveCfg = Debug|Any CPU
		{49C2B0D0-2170-4E0E-82CB-C21B238FB67A}.Debug|Any CPU.Build.0 = Debug|Any CPU
		{49C2B0D0-2170-4E0E-82CB-C21B238FB67A}.Debug|x64.ActiveCfg = Debug|Any CPU
		{49C2B0D0-2170-4E0E-82CB-C21B238FB67A}.Debug|x64.Build.0 = Debug|Any CPU
		{49C2B0D0-2170-4E0E-82CB-C21B238FB67A}.Debug|x86.ActiveCfg = Debug|Any CPU
		{49C2B0D0-2170-4E0E-82CB-C21B238FB67A}.Debug|x86.Build.0 = Debug|Any CPU
		{49C2B0D0-2170-4E0E-82CB-C21B238FB67A}.Release|Any CPU.ActiveCfg = Release|Any CPU
		{49C2B0D0-2170-4E0E-82CB-C21B238FB67A}.Release|Any CPU.Build.0 = Release|Any CPU
		{49C2B0D0-2170-4E0E-82CB-C21B238FB67A}.Release|x64.ActiveCfg = Release|Any CPU
		{49C2B0D0-2170-4E0E-82CB-C21B238FB67A}.Release|x64.Build.0 = Release|Any CPU
		{49C2B0D0-2170-4E0E-82CB-C21B238FB67A}.Release|x86.ActiveCfg = Release|Any CPU
		{49C2B0D0-2170-4E0E-82CB-C21B238FB67A}.Release|x86.Build.0 = Release|Any CPU
		{2199553B-DDF4-4D5E-AF15-FE82D8A4BA3E}.Debug|Any CPU.ActiveCfg = Debug|Any CPU
		{2199553B-DDF4-4D5E-AF15-FE82D8A4BA3E}.Debug|Any CPU.Build.0 = Debug|Any CPU
		{2199553B-DDF4-4D5E-AF15-FE82D8A4BA3E}.Debug|x64.ActiveCfg = Debug|Any CPU
		{2199553B-DDF4-4D5E-AF15-FE82D8A4BA3E}.Debug|x64.Build.0 = Debug|Any CPU
		{2199553B-DDF4-4D5E-AF15-FE82D8A4BA3E}.Debug|x86.ActiveCfg = Debug|Any CPU
		{2199553B-DDF4-4D5E-AF15-FE82D8A4BA3E}.Debug|x86.Build.0 = Debug|Any CPU
		{2199553B-DDF4-4D5E-AF15-FE82D8A4BA3E}.Release|Any CPU.ActiveCfg = Release|Any CPU
		{2199553B-DDF4-4D5E-AF15-FE82D8A4BA3E}.Release|Any CPU.Build.0 = Release|Any CPU
		{2199553B-DDF4-4D5E-AF15-FE82D8A4BA3E}.Release|x64.ActiveCfg = Release|Any CPU
		{2199553B-DDF4-4D5E-AF15-FE82D8A4BA3E}.Release|x64.Build.0 = Release|Any CPU
		{2199553B-DDF4-4D5E-AF15-FE82D8A4BA3E}.Release|x86.ActiveCfg = Release|Any CPU
		{2199553B-DDF4-4D5E-AF15-FE82D8A4BA3E}.Release|x86.Build.0 = Release|Any CPU
		{BB6DD7F4-493C-4E7F-B9D6-ADB0BDE858D5}.Debug|Any CPU.ActiveCfg = Debug|Any CPU
		{BB6DD7F4-493C-4E7F-B9D6-ADB0BDE858D5}.Debug|Any CPU.Build.0 = Debug|Any CPU
		{BB6DD7F4-493C-4E7F-B9D6-ADB0BDE858D5}.Debug|x64.ActiveCfg = Debug|Any CPU
		{BB6DD7F4-493C-4E7F-B9D6-ADB0BDE858D5}.Debug|x64.Build.0 = Debug|Any CPU
		{BB6DD7F4-493C-4E7F-B9D6-ADB0BDE858D5}.Debug|x86.ActiveCfg = Debug|Any CPU
		{BB6DD7F4-493C-4E7F-B9D6-ADB0BDE858D5}.Debug|x86.Build.0 = Debug|Any CPU
		{BB6DD7F4-493C-4E7F-B9D6-ADB0BDE858D5}.Release|Any CPU.ActiveCfg = Release|Any CPU
		{BB6DD7F4-493C-4E7F-B9D6-ADB0BDE858D5}.Release|Any CPU.Build.0 = Release|Any CPU
		{BB6DD7F4-493C-4E7F-B9D6-ADB0BDE858D5}.Release|x64.ActiveCfg = Release|Any CPU
		{BB6DD7F4-493C-4E7F-B9D6-ADB0BDE858D5}.Release|x64.Build.0 = Release|Any CPU
		{BB6DD7F4-493C-4E7F-B9D6-ADB0BDE858D5}.Release|x86.ActiveCfg = Release|Any CPU
		{BB6DD7F4-493C-4E7F-B9D6-ADB0BDE858D5}.Release|x86.Build.0 = Release|Any CPU
	EndGlobalSection
	GlobalSection(SolutionProperties) = preSolution
		HideSolutionNode = FALSE
	EndGlobalSection
	GlobalSection(NestedProjects) = preSolution
		{674C3FA2-9A51-49FA-8CD1-76C794441C20} = {827E0CD3-B72D-47B6-A68D-7590B98EB39B}
		{C787C974-644D-483B-AC08-12F8866178D6} = {827E0CD3-B72D-47B6-A68D-7590B98EB39B}
		{49C2B0D0-2170-4E0E-82CB-C21B238FB67A} = {827E0CD3-B72D-47B6-A68D-7590B98EB39B}
		{2199553B-DDF4-4D5E-AF15-FE82D8A4BA3E} = {827E0CD3-B72D-47B6-A68D-7590B98EB39B}
		{BB6DD7F4-493C-4E7F-B9D6-ADB0BDE858D5} = {0AB3BF05-4346-4AA6-1389-037BE0695223}
	EndGlobalSection
EndGlobal
